// !$*UTF8*$!
{
	archiveVersion = 1;
	classes = {
	};
	objectVersion = 50;
	objects = {

/* Begin PBXBuildFile section */
		7AC4917025CF3EEE0048DCB6 /* AppDelegate.swift in Sources */ = {isa = PBXBuildFile; fileRef = 7AC4916F25CF3EEE0048DCB6 /* AppDelegate.swift */; };
		7AC4917225CF3EEE0048DCB6 /* SceneDelegate.swift in Sources */ = {isa = PBXBuildFile; fileRef = 7AC4917125CF3EEE0048DCB6 /* SceneDelegate.swift */; };
		7AC4917425CF3EEE0048DCB6 /* ViewController.swift in Sources */ = {isa = PBXBuildFile; fileRef = 7AC4917325CF3EEE0048DCB6 /* ViewController.swift */; };
		7AC4917725CF3EEE0048DCB6 /* Main.storyboard in Resources */ = {isa = PBXBuildFile; fileRef = 7AC4917525CF3EEE0048DCB6 /* Main.storyboard */; };
		7AC4917925CF3EF20048DCB6 /* Assets.xcassets in Resources */ = {isa = PBXBuildFile; fileRef = 7AC4917825CF3EF20048DCB6 /* Assets.xcassets */; };
		7AC4917C25CF3EF20048DCB6 /* LaunchScreen.storyboard in Resources */ = {isa = PBXBuildFile; fileRef = 7AC4917A25CF3EF20048DCB6 /* LaunchScreen.storyboard */; };
		7AC4918725CF3EF20048DCB6 /* CMyFootprintAITests.swift in Sources */ = {isa = PBXBuildFile; fileRef = 7AC4918625CF3EF20048DCB6 /* CMyFootprintAITests.swift */; };
		7AC4919225CF3EF20048DCB6 /* CMyFootprintAIUITests.swift in Sources */ = {isa = PBXBuildFile; fileRef = 7AC4919125CF3EF20048DCB6 /* CMyFootprintAIUITests.swift */; };
		7AC491A325CF3F070048DCB6 /* app screens in Resources */ = {isa = PBXBuildFile; fileRef = 7AC491A225CF3F070048DCB6 /* app screens */; };
/* End PBXBuildFile section */

/* Begin PBXContainerItemProxy section */
		7AC4918325CF3EF20048DCB6 /* PBXContainerItemProxy */ = {
			isa = PBXContainerItemProxy;
			containerPortal = 7AC4916425CF3EEE0048DCB6 /* Project object */;
			proxyType = 1;
			remoteGlobalIDString = 7AC4916B25CF3EEE0048DCB6;
			remoteInfo = CMyFootprintAI;
		};
		7AC4918E25CF3EF20048DCB6 /* PBXContainerItemProxy */ = {
			isa = PBXContainerItemProxy;
			containerPortal = 7AC4916425CF3EEE0048DCB6 /* Project object */;
			proxyType = 1;
			remoteGlobalIDString = 7AC4916B25CF3EEE0048DCB6;
			remoteInfo = CMyFootprintAI;
		};
/* End PBXContainerItemProxy section */

/* Begin PBXFileReference section */
		7AC4916C25CF3EEE0048DCB6 /* CMyFootprintAI.app */ = {isa = PBXFileReference; explicitFileType = wrapper.application; includeInIndex = 0; path = CMyFootprintAI.app; sourceTree = BUILT_PRODUCTS_DIR; };
		7AC4916F25CF3EEE0048DCB6 /* AppDelegate.swift */ = {isa = PBXFileReference; lastKnownFileType = sourcecode.swift; path = AppDelegate.swift; sourceTree = "<group>"; };
		7AC4917125CF3EEE0048DCB6 /* SceneDelegate.swift */ = {isa = PBXFileReference; lastKnownFileType = sourcecode.swift; path = SceneDelegate.swift; sourceTree = "<group>"; };
		7AC4917325CF3EEE0048DCB6 /* ViewController.swift */ = {isa = PBXFileReference; lastKnownFileType = sourcecode.swift; path = ViewController.swift; sourceTree = "<group>"; };
		7AC4917625CF3EEE0048DCB6 /* Base */ = {isa = PBXFileReference; lastKnownFileType = file.storyboard; name = Base; path = Base.lproj/Main.storyboard; sourceTree = "<group>"; };
		7AC4917825CF3EF20048DCB6 /* Assets.xcassets */ = {isa = PBXFileReference; lastKnownFileType = folder.assetcatalog; path = Assets.xcassets; sourceTree = "<group>"; };
		7AC4917B25CF3EF20048DCB6 /* Base */ = {isa = PBXFileReference; lastKnownFileType = file.storyboard; name = Base; path = Base.lproj/LaunchScreen.storyboard; sourceTree = "<group>"; };
		7AC4917D25CF3EF20048DCB6 /* Info.plist */ = {isa = PBXFileReference; lastKnownFileType = text.plist.xml; path = Info.plist; sourceTree = "<group>"; };
		7AC4918225CF3EF20048DCB6 /* CMyFootprintAITests.xctest */ = {isa = PBXFileReference; explicitFileType = wrapper.cfbundle; includeInIndex = 0; path = CMyFootprintAITests.xctest; sourceTree = BUILT_PRODUCTS_DIR; };
		7AC4918625CF3EF20048DCB6 /* CMyFootprintAITests.swift */ = {isa = PBXFileReference; lastKnownFileType = sourcecode.swift; path = CMyFootprintAITests.swift; sourceTree = "<group>"; };
		7AC4918825CF3EF20048DCB6 /* Info.plist */ = {isa = PBXFileReference; lastKnownFileType = text.plist.xml; path = Info.plist; sourceTree = "<group>"; };
		7AC4918D25CF3EF20048DCB6 /* CMyFootprintAIUITests.xctest */ = {isa = PBXFileReference; explicitFileType = wrapper.cfbundle; includeInIndex = 0; path = CMyFootprintAIUITests.xctest; sourceTree = BUILT_PRODUCTS_DIR; };
		7AC4919125CF3EF20048DCB6 /* CMyFootprintAIUITests.swift */ = {isa = PBXFileReference; lastKnownFileType = sourcecode.swift; path = CMyFootprintAIUITests.swift; sourceTree = "<group>"; };
		7AC4919325CF3EF20048DCB6 /* Info.plist */ = {isa = PBXFileReference; lastKnownFileType = text.plist.xml; path = Info.plist; sourceTree = "<group>"; };
		7AC491A225CF3F070048DCB6 /* app screens */ = {isa = PBXFileReference; lastKnownFileType = folder; name = "app screens"; path = "../../../../Downloads/app screens"; sourceTree = "<group>"; };
/* End PBXFileReference section */

/* Begin PBXFrameworksBuildPhase section */
		7AC4916925CF3EEE0048DCB6 /* Frameworks */ = {
			isa = PBXFrameworksBuildPhase;
			buildActionMask = 2147483647;
			files = (
			);
			runOnlyForDeploymentPostprocessing = 0;
		};
		7AC4917F25CF3EF20048DCB6 /* Frameworks */ = {
			isa = PBXFrameworksBuildPhase;
			buildActionMask = 2147483647;
			files = (
			);
			runOnlyForDeploymentPostprocessing = 0;
		};
		7AC4918A25CF3EF20048DCB6 /* Frameworks */ = {
			isa = PBXFrameworksBuildPhase;
			buildActionMask = 2147483647;
			files = (
			);
			runOnlyForDeploymentPostprocessing = 0;
		};
/* End PBXFrameworksBuildPhase section */

/* Begin PBXGroup section */
		7AC4916325CF3EEE0048DCB6 = {
			isa = PBXGroup;
			children = (
				7AC4916E25CF3EEE0048DCB6 /* CMyFootprintAI */,
				7AC4918525CF3EF20048DCB6 /* CMyFootprintAITests */,
				7AC4919025CF3EF20048DCB6 /* CMyFootprintAIUITests */,
				7AC4916D25CF3EEE0048DCB6 /* Products */,
			);
			sourceTree = "<group>";
		};
		7AC4916D25CF3EEE0048DCB6 /* Products */ = {
			isa = PBXGroup;
			children = (
				7AC4916C25CF3EEE0048DCB6 /* CMyFootprintAI.app */,
				7AC4918225CF3EF20048DCB6 /* CMyFootprintAITests.xctest */,
				7AC4918D25CF3EF20048DCB6 /* CMyFootprintAIUITests.xctest */,
			);
			name = Products;
			sourceTree = "<group>";
		};
		7AC4916E25CF3EEE0048DCB6 /* CMyFootprintAI */ = {
			isa = PBXGroup;
			children = (
				7AC4916F25CF3EEE0048DCB6 /* AppDelegate.swift */,
				7AC4917125CF3EEE0048DCB6 /* SceneDelegate.swift */,
				7AC4917325CF3EEE0048DCB6 /* ViewController.swift */,
				7AC4917525CF3EEE0048DCB6 /* Main.storyboard */,
				7AC4917825CF3EF20048DCB6 /* Assets.xcassets */,
				7AC4917A25CF3EF20048DCB6 /* LaunchScreen.storyboard */,
				7AC4917D25CF3EF20048DCB6 /* Info.plist */,
				7AC491A225CF3F070048DCB6 /* app screens */,
			);
			path = CMyFootprintAI;
			sourceTree = "<group>";
		};
		7AC4918525CF3EF20048DCB6 /* CMyFootprintAITests */ = {
			isa = PBXGroup;
			children = (
				7AC4918625CF3EF20048DCB6 /* CMyFootprintAITests.swift */,
				7AC4918825CF3EF20048DCB6 /* Info.plist */,
			);
			path = CMyFootprintAITests;
			sourceTree = "<group>";
		};
		7AC4919025CF3EF20048DCB6 /* CMyFootprintAIUITests */ = {
			isa = PBXGroup;
			children = (
				7AC4919125CF3EF20048DCB6 /* CMyFootprintAIUITests.swift */,
				7AC4919325CF3EF20048DCB6 /* Info.plist */,
			);
			path = CMyFootprintAIUITests;
			sourceTree = "<group>";
		};
/* End PBXGroup section */

/* Begin PBXNativeTarget section */
		7AC4916B25CF3EEE0048DCB6 /* CMyFootprintAI */ = {
			isa = PBXNativeTarget;
			buildConfigurationList = 7AC4919625CF3EF20048DCB6 /* Build configuration list for PBXNativeTarget "CMyFootprintAI" */;
			buildPhases = (
				7AC4916825CF3EEE0048DCB6 /* Sources */,
				7AC4916925CF3EEE0048DCB6 /* Frameworks */,
				7AC4916A25CF3EEE0048DCB6 /* Resources */,
			);
			buildRules = (
			);
			dependencies = (
			);
			name = CMyFootprintAI;
			productName = CMyFootprintAI;
			productReference = 7AC4916C25CF3EEE0048DCB6 /* CMyFootprintAI.app */;
			productType = "com.apple.product-type.application";
		};
		7AC4918125CF3EF20048DCB6 /* CMyFootprintAITests */ = {
			isa = PBXNativeTarget;
			buildConfigurationList = 7AC4919925CF3EF20048DCB6 /* Build configuration list for PBXNativeTarget "CMyFootprintAITests" */;
			buildPhases = (
				7AC4917E25CF3EF20048DCB6 /* Sources */,
				7AC4917F25CF3EF20048DCB6 /* Frameworks */,
				7AC4918025CF3EF20048DCB6 /* Resources */,
			);
			buildRules = (
			);
			dependencies = (
				7AC4918425CF3EF20048DCB6 /* PBXTargetDependency */,
			);
			name = CMyFootprintAITests;
			productName = CMyFootprintAITests;
			productReference = 7AC4918225CF3EF20048DCB6 /* CMyFootprintAITests.xctest */;
			productType = "com.apple.product-type.bundle.unit-test";
		};
		7AC4918C25CF3EF20048DCB6 /* CMyFootprintAIUITests */ = {
			isa = PBXNativeTarget;
			buildConfigurationList = 7AC4919C25CF3EF20048DCB6 /* Build configuration list for PBXNativeTarget "CMyFootprintAIUITests" */;
			buildPhases = (
				7AC4918925CF3EF20048DCB6 /* Sources */,
				7AC4918A25CF3EF20048DCB6 /* Frameworks */,
				7AC4918B25CF3EF20048DCB6 /* Resources */,
			);
			buildRules = (
			);
			dependencies = (
				7AC4918F25CF3EF20048DCB6 /* PBXTargetDependency */,
			);
			name = CMyFootprintAIUITests;
			productName = CMyFootprintAIUITests;
			productReference = 7AC4918D25CF3EF20048DCB6 /* CMyFootprintAIUITests.xctest */;
			productType = "com.apple.product-type.bundle.ui-testing";
		};
/* End PBXNativeTarget section */

/* Begin PBXProject section */
		7AC4916425CF3EEE0048DCB6 /* Project object */ = {
			isa = PBXProject;
			attributes = {
				LastSwiftUpdateCheck = 1240;
				LastUpgradeCheck = 1240;
				TargetAttributes = {
					7AC4916B25CF3EEE0048DCB6 = {
						CreatedOnToolsVersion = 12.4;
					};
					7AC4918125CF3EF20048DCB6 = {
						CreatedOnToolsVersion = 12.4;
						TestTargetID = 7AC4916B25CF3EEE0048DCB6;
					};
					7AC4918C25CF3EF20048DCB6 = {
						CreatedOnToolsVersion = 12.4;
						TestTargetID = 7AC4916B25CF3EEE0048DCB6;
					};
				};
			};
			buildConfigurationList = 7AC4916725CF3EEE0048DCB6 /* Build configuration list for PBXProject "CMyFootprintAI" */;
			compatibilityVersion = "Xcode 9.3";
			developmentRegion = en;
			hasScannedForEncodings = 0;
			knownRegions = (
				en,
				Base,
			);
			mainGroup = 7AC4916325CF3EEE0048DCB6;
			productRefGroup = 7AC4916D25CF3EEE0048DCB6 /* Products */;
			projectDirPath = "";
			projectRoot = "";
			targets = (
				7AC4916B25CF3EEE0048DCB6 /* CMyFootprintAI */,
				7AC4918125CF3EF20048DCB6 /* CMyFootprintAITests */,
				7AC4918C25CF3EF20048DCB6 /* CMyFootprintAIUITests */,
			);
		};
/* End PBXProject section */

/* Begin PBXResourcesBuildPhase section */
		7AC4916A25CF3EEE0048DCB6 /* Resources */ = {
			isa = PBXResourcesBuildPhase;
			buildActionMask = 2147483647;
			files = (
				7AC4917C25CF3EF20048DCB6 /* LaunchScreen.storyboard in Resources */,
				7AC4917925CF3EF20048DCB6 /* Assets.xcassets in Resources */,
				7AC4917725CF3EEE0048DCB6 /* Main.storyboard in Resources */,
				7AC491A325CF3F070048DCB6 /* app screens in Resources */,
			);
			runOnlyForDeploymentPostprocessing = 0;
		};
		7AC4918025CF3EF20048DCB6 /* Resources */ = {
			isa = PBXResourcesBuildPhase;
			buildActionMask = 2147483647;
			files = (
			);
			runOnlyForDeploymentPostprocessing = 0;
		};
		7AC4918B25CF3EF20048DCB6 /* Resources */ = {
			isa = PBXResourcesBuildPhase;
			buildActionMask = 2147483647;
			files = (
			);
			runOnlyForDeploymentPostprocessing = 0;
		};
/* End PBXResourcesBuildPhase section */

/* Begin PBXSourcesBuildPhase section */
		7AC4916825CF3EEE0048DCB6 /* Sources */ = {
			isa = PBXSourcesBuildPhase;
			buildActionMask = 2147483647;
			files = (
				7AC4917425CF3EEE0048DCB6 /* ViewController.swift in Sources */,
				7AC4917025CF3EEE0048DCB6 /* AppDelegate.swift in Sources */,
				7AC4917225CF3EEE0048DCB6 /* SceneDelegate.swift in Sources */,
			);
			runOnlyForDeploymentPostprocessing = 0;
		};
		7AC4917E25CF3EF20048DCB6 /* Sources */ = {
			isa = PBXSourcesBuildPhase;
			buildActionMask = 2147483647;
			files = (
				7AC4918725CF3EF20048DCB6 /* CMyFootprintAITests.swift in Sources */,
			);
			runOnlyForDeploymentPostprocessing = 0;
		};
		7AC4918925CF3EF20048DCB6 /* Sources */ = {
			isa = PBXSourcesBuildPhase;
			buildActionMask = 2147483647;
			files = (
				7AC4919225CF3EF20048DCB6 /* CMyFootprintAIUITests.swift in Sources */,
			);
			runOnlyForDeploymentPostprocessing = 0;
		};
/* End PBXSourcesBuildPhase section */

/* Begin PBXTargetDependency section */
		7AC4918425CF3EF20048DCB6 /* PBXTargetDependency */ = {
			isa = PBXTargetDependency;
			target = 7AC4916B25CF3EEE0048DCB6 /* CMyFootprintAI */;
			targetProxy = 7AC4918325CF3EF20048DCB6 /* PBXContainerItemProxy */;
		};
		7AC4918F25CF3EF20048DCB6 /* PBXTargetDependency */ = {
			isa = PBXTargetDependency;
			target = 7AC4916B25CF3EEE0048DCB6 /* CMyFootprintAI */;
			targetProxy = 7AC4918E25CF3EF20048DCB6 /* PBXContainerItemProxy */;
		};
/* End PBXTargetDependency section */

/* Begin PBXVariantGroup section */
		7AC4917525CF3EEE0048DCB6 /* Main.storyboard */ = {
			isa = PBXVariantGroup;
			children = (
				7AC4917625CF3EEE0048DCB6 /* Base */,
			);
			name = Main.storyboard;
			sourceTree = "<group>";
		};
		7AC4917A25CF3EF20048DCB6 /* LaunchScreen.storyboard */ = {
			isa = PBXVariantGroup;
			children = (
				7AC4917B25CF3EF20048DCB6 /* Base */,
			);
			name = LaunchScreen.storyboard;
			sourceTree = "<group>";
		};
/* End PBXVariantGroup section */

/* Begin XCBuildConfiguration section */
		7AC4919425CF3EF20048DCB6 /* Debug */ = {
			isa = XCBuildConfiguration;
			buildSettings = {
				ALWAYS_SEARCH_USER_PATHS = NO;
				CLANG_ANALYZER_NONNULL = YES;
				CLANG_ANALYZER_NUMBER_OBJECT_CONVERSION = YES_AGGRESSIVE;
				CLANG_CXX_LANGUAGE_STANDARD = "gnu++14";
				CLANG_CXX_LIBRARY = "libc++";
				CLANG_ENABLE_MODULES = YES;
				CLANG_ENABLE_OBJC_ARC = YES;
				CLANG_ENABLE_OBJC_WEAK = YES;
				CLANG_WARN_BLOCK_CAPTURE_AUTORELEASING = YES;
				CLANG_WARN_BOOL_CONVERSION = YES;
				CLANG_WARN_COMMA = YES;
				CLANG_WARN_CONSTANT_CONVERSION = YES;
				CLANG_WARN_DEPRECATED_OBJC_IMPLEMENTATIONS = YES;
				CLANG_WARN_DIRECT_OBJC_ISA_USAGE = YES_ERROR;
				CLANG_WARN_DOCUMENTATION_COMMENTS = YES;
				CLANG_WARN_EMPTY_BODY = YES;
				CLANG_WARN_ENUM_CONVERSION = YES;
				CLANG_WARN_INFINITE_RECURSION = YES;
				CLANG_WARN_INT_CONVERSION = YES;
				CLANG_WARN_NON_LITERAL_NULL_CONVERSION = YES;
				CLANG_WARN_OBJC_IMPLICIT_RETAIN_SELF = YES;
				CLANG_WARN_OBJC_LITERAL_CONVERSION = YES;
				CLANG_WARN_OBJC_ROOT_CLASS = YES_ERROR;
				CLANG_WARN_QUOTED_INCLUDE_IN_FRAMEWORK_HEADER = YES;
				CLANG_WARN_RANGE_LOOP_ANALYSIS = YES;
				CLANG_WARN_STRICT_PROTOTYPES = YES;
				CLANG_WARN_SUSPICIOUS_MOVE = YES;
				CLANG_WARN_UNGUARDED_AVAILABILITY = YES_AGGRESSIVE;
				CLANG_WARN_UNREACHABLE_CODE = YES;
				CLANG_WARN__DUPLICATE_METHOD_MATCH = YES;
				COPY_PHASE_STRIP = NO;
				DEBUG_INFORMATION_FORMAT = dwarf;
				ENABLE_STRICT_OBJC_MSGSEND = YES;
				ENABLE_TESTABILITY = YES;
				GCC_C_LANGUAGE_STANDARD = gnu11;
				GCC_DYNAMIC_NO_PIC = NO;
				GCC_NO_COMMON_BLOCKS = YES;
				GCC_OPTIMIZATION_LEVEL = 0;
				GCC_PREPROCESSOR_DEFINITIONS = (
					"DEBUG=1",
					"$(inherited)",
				);
				GCC_WARN_64_TO_32_BIT_CONVERSION = YES;
				GCC_WARN_ABOUT_RETURN_TYPE = YES_ERROR;
				GCC_WARN_UNDECLARED_SELECTOR = YES;
				GCC_WARN_UNINITIALIZED_AUTOS = YES_AGGRESSIVE;
				GCC_WARN_UNUSED_FUNCTION = YES;
				GCC_WARN_UNUSED_VARIABLE = YES;
				IPHONEOS_DEPLOYMENT_TARGET = 14.4;
				MTL_ENABLE_DEBUG_INFO = INCLUDE_SOURCE;
				MTL_FAST_MATH = YES;
				ONLY_ACTIVE_ARCH = YES;
				SDKROOT = iphoneos;
				SWIFT_ACTIVE_COMPILATION_CONDITIONS = DEBUG;
				SWIFT_OPTIMIZATION_LEVEL = "-Onone";
			};
			name = Debug;
		};
		7AC4919525CF3EF20048DCB6 /* Release */ = {
			isa = XCBuildConfiguration;
			buildSettings = {
				ALWAYS_SEARCH_USER_PATHS = NO;
				CLANG_ANALYZER_NONNULL = YES;
				CLANG_ANALYZER_NUMBER_OBJECT_CONVERSION = YES_AGGRESSIVE;
				CLANG_CXX_LANGUAGE_STANDARD = "gnu++14";
				CLANG_CXX_LIBRARY = "libc++";
				CLANG_ENABLE_MODULES = YES;
				CLANG_ENABLE_OBJC_ARC = YES;
				CLANG_ENABLE_OBJC_WEAK = YES;
				CLANG_WARN_BLOCK_CAPTURE_AUTORELEASING = YES;
				CLANG_WARN_BOOL_CONVERSION = YES;
				CLANG_WARN_COMMA = YES;
				CLANG_WARN_CONSTANT_CONVERSION = YES;
				CLANG_WARN_DEPRECATED_OBJC_IMPLEMENTATIONS = YES;
				CLANG_WARN_DIRECT_OBJC_ISA_USAGE = YES_ERROR;
				CLANG_WARN_DOCUMENTATION_COMMENTS = YES;
				CLANG_WARN_EMPTY_BODY = YES;
				CLANG_WARN_ENUM_CONVERSION = YES;
				CLANG_WARN_INFINITE_RECURSION = YES;
				CLANG_WARN_INT_CONVERSION = YES;
				CLANG_WARN_NON_LITERAL_NULL_CONVERSION = YES;
				CLANG_WARN_OBJC_IMPLICIT_RETAIN_SELF = YES;
				CLANG_WARN_OBJC_LITERAL_CONVERSION = YES;
				CLANG_WARN_OBJC_ROOT_CLASS = YES_ERROR;
				CLANG_WARN_QUOTED_INCLUDE_IN_FRAMEWORK_HEADER = YES;
				CLANG_WARN_RANGE_LOOP_ANALYSIS = YES;
				CLANG_WARN_STRICT_PROTOTYPES = YES;
				CLANG_WARN_SUSPICIOUS_MOVE = YES;
				CLANG_WARN_UNGUARDED_AVAILABILITY = YES_AGGRESSIVE;
				CLANG_WARN_UNREACHABLE_CODE = YES;
				CLANG_WARN__DUPLICATE_METHOD_MATCH = YES;
				COPY_PHASE_STRIP = NO;
				DEBUG_INFORMATION_FORMAT = "dwarf-with-dsym";
				ENABLE_NS_ASSERTIONS = NO;
				ENABLE_STRICT_OBJC_MSGSEND = YES;
				GCC_C_LANGUAGE_STANDARD = gnu11;
				GCC_NO_COMMON_BLOCKS = YES;
				GCC_WARN_64_TO_32_BIT_CONVERSION = YES;
				GCC_WARN_ABOUT_RETURN_TYPE = YES_ERROR;
				GCC_WARN_UNDECLARED_SELECTOR = YES;
				GCC_WARN_UNINITIALIZED_AUTOS = YES_AGGRESSIVE;
				GCC_WARN_UNUSED_FUNCTION = YES;
				GCC_WARN_UNUSED_VARIABLE = YES;
				IPHONEOS_DEPLOYMENT_TARGET = 14.4;
				MTL_ENABLE_DEBUG_INFO = NO;
				MTL_FAST_MATH = YES;
				SDKROOT = iphoneos;
				SWIFT_COMPILATION_MODE = wholemodule;
				SWIFT_OPTIMIZATION_LEVEL = "-O";
				VALIDATE_PRODUCT = YES;
			};
			name = Release;
		};
		7AC4919725CF3EF20048DCB6 /* Debug */ = {
			isa = XCBuildConfiguration;
			buildSettings = {
				ASSETCATALOG_COMPILER_APPICON_NAME = AppIcon;
				ASSETCATALOG_COMPILER_GLOBAL_ACCENT_COLOR_NAME = AccentColor;
				CODE_SIGN_STYLE = Automatic;
				INFOPLIST_FILE = CMyFootprintAI/Info.plist;
				LD_RUNPATH_SEARCH_PATHS = (
					"$(inherited)",
					"@executable_path/Frameworks",
				);
				PRODUCT_BUNDLE_IDENTIFIER = MoDO.CMyFootprintAI;
				PRODUCT_NAME = "$(TARGET_NAME)";
				SWIFT_VERSION = 5.0;
				TARGETED_DEVICE_FAMILY = "1,2";
			};
			name = Debug;
		};
		7AC4919825CF3EF20048DCB6 /* Release */ = {
			isa = XCBuildConfiguration;
			buildSettings = {
				ASSETCATALOG_COMPILER_APPICON_NAME = AppIcon;
				ASSETCATALOG_COMPILER_GLOBAL_ACCENT_COLOR_NAME = AccentColor;
				CODE_SIGN_STYLE = Automatic;
				INFOPLIST_FILE = CMyFootprintAI/Info.plist;
				LD_RUNPATH_SEARCH_PATHS = (
					"$(inherited)",
					"@executable_path/Frameworks",
				);
				PRODUCT_BUNDLE_IDENTIFIER = MoDO.CMyFootprintAI;
				PRODUCT_NAME = "$(TARGET_NAME)";
				SWIFT_VERSION = 5.0;
				TARGETED_DEVICE_FAMILY = "1,2";
			};
			name = Release;
		};
		7AC4919A25CF3EF20048DCB6 /* Debug */ = {
			isa = XCBuildConfiguration;
			buildSettings = {
				ALWAYS_EMBED_SWIFT_STANDARD_LIBRARIES = YES;
				BUNDLE_LOADER = "$(TEST_HOST)";
				CODE_SIGN_STYLE = Automatic;
				INFOPLIST_FILE = CMyFootprintAITests/Info.plist;
				IPHONEOS_DEPLOYMENT_TARGET = 14.4;
				LD_RUNPATH_SEARCH_PATHS = (
					"$(inherited)",
					"@executable_path/Frameworks",
					"@loader_path/Frameworks",
				);
				PRODUCT_BUNDLE_IDENTIFIER = MoDO.CMyFootprintAITests;
				PRODUCT_NAME = "$(TARGET_NAME)";
				SWIFT_VERSION = 5.0;
				TARGETED_DEVICE_FAMILY = "1,2";
				TEST_HOST = "$(BUILT_PRODUCTS_DIR)/CMyFootprintAI.app/CMyFootprintAI";
			};
			name = Debug;
		};
		7AC4919B25CF3EF20048DCB6 /* Release */ = {
			isa = XCBuildConfiguration;
			buildSettings = {
				ALWAYS_EMBED_SWIFT_STANDARD_LIBRARIES = YES;
				BUNDLE_LOADER = "$(TEST_HOST)";
				CODE_SIGN_STYLE = Automatic;
				INFOPLIST_FILE = CMyFootprintAITests/Info.plist;
				IPHONEOS_DEPLOYMENT_TARGET = 14.4;
				LD_RUNPATH_SEARCH_PATHS = (
					"$(inherited)",
					"@executable_path/Frameworks",
					"@loader_path/Frameworks",
				);
				PRODUCT_BUNDLE_IDENTIFIER = MoDO.CMyFootprintAITests;
				PRODUCT_NAME = "$(TARGET_NAME)";
				SWIFT_VERSION = 5.0;
				TARGETED_DEVICE_FAMILY = "1,2";
				TEST_HOST = "$(BUILT_PRODUCTS_DIR)/CMyFootprintAI.app/CMyFootprintAI";
			};
			name = Release;
		};
		7AC4919D25CF3EF20048DCB6 /* Debug */ = {
			isa = XCBuildConfiguration;
			buildSettings = {
				ALWAYS_EMBED_SWIFT_STANDARD_LIBRARIES = YES;
				CODE_SIGN_STYLE = Automatic;
				INFOPLIST_FILE = CMyFootprintAIUITests/Info.plist;
				LD_RUNPATH_SEARCH_PATHS = (
					"$(inherited)",
					"@executable_path/Frameworks",
					"@loader_path/Frameworks",
				);
				PRODUCT_BUNDLE_IDENTIFIER = MoDO.CMyFootprintAIUITests;
				PRODUCT_NAME = "$(TARGET_NAME)";
				SWIFT_VERSION = 5.0;
				TARGETED_DEVICE_FAMILY = "1,2";
				TEST_TARGET_NAME = CMyFootprintAI;
			};
			name = Debug;
		};
		7AC4919E25CF3EF20048DCB6 /* Release */ = {
			isa = XCBuildConfiguration;
			buildSettings = {
				ALWAYS_EMBED_SWIFT_STANDARD_LIBRARIES = YES;
				CODE_SIGN_STYLE = Automatic;
				INFOPLIST_FILE = CMyFootprintAIUITests/Info.plist;
				LD_RUNPATH_SEARCH_PATHS = (
					"$(inherited)",
					"@executable_path/Frameworks",
					"@loader_path/Frameworks",
				);
				PRODUCT_BUNDLE_IDENTIFIER = MoDO.CMyFootprintAIUITests;
				PRODUCT_NAME = "$(TARGET_NAME)";
				SWIFT_VERSION = 5.0;
				TARGETED_DEVICE_FAMILY = "1,2";
				TEST_TARGET_NAME = CMyFootprintAI;
			};
			name = Release;
		};
/* End XCBuildConfiguration section */

/* Begin XCConfigurationList section */
		7AC4916725CF3EEE0048DCB6 /* Build configuration list for PBXProject "CMyFootprintAI" */ = {
			isa = XCConfigurationList;
			buildConfigurations = (
				7AC4919425CF3EF20048DCB6 /* Debug */,
				7AC4919525CF3EF20048DCB6 /* Release */,
			);
			defaultConfigurationIsVisible = 0;
			defaultConfigurationName = Release;
		};
		7AC4919625CF3EF20048DCB6 /* Build configuration list for PBXNativeTarget "CMyFootprintAI" */ = {
			isa = XCConfigurationList;
			buildConfigurations = (
				7AC4919725CF3EF20048DCB6 /* Debug */,
				7AC4919825CF3EF20048DCB6 /* Release */,
			);
			defaultConfigurationIsVisible = 0;
			defaultConfigurationName = Release;
		};
		7AC4919925CF3EF20048DCB6 /* Build configuration list for PBXNativeTarget "CMyFootprintAITests" */ = {
			isa = XCConfigurationList;
			buildConfigurations = (
				7AC4919A25CF3EF20048DCB6 /* Debug */,
				7AC4919B25CF3EF20048DCB6 /* Release */,
			);
			defaultConfigurationIsVisible = 0;
			defaultConfigurationName = Release;
		};
		7AC4919C25CF3EF20048DCB6 /* Build configuration list for PBXNativeTarget "CMyFootprintAIUITests" */ = {
			isa = XCConfigurationList;
			buildConfigurations = (
				7AC4919D25CF3EF20048DCB6 /* Debug */,
				7AC4919E25CF3EF20048DCB6 /* Release */,
			);
			defaultConfigurationIsVisible = 0;
			defaultConfigurationName = Release;
		};
/* End XCConfigurationList section */
	};
	rootObject = 7AC4916425CF3EEE0048DCB6 /* Project object */;
}
